# This file was autogenerated by Stack.
# You should not edit this file by hand.
# For more information, please see the documentation at:
#   https://docs.haskellstack.org/en/stable/lock_files

packages:
- completed:
    hackage: hashable-1.5.0.0@sha256:2f23146cbe0325029927b221647695a4c7d6e97548ff731110979e34361f58ef,5914
    pantry-tree:
      sha256: 3129079baae1af3e7c9dd4585ae667138b69892cefa7c40c392d2cdaefa757c8
      size: 1578
  original:
    hackage: hashable-1.5.0.0@sha256:2f23146cbe0325029927b221647695a4c7d6e97548ff731110979e34361f58ef
- completed:
    hackage: os-string-2.0.7@sha256:2efc549644dd418bad537d1601fdd437c440d807265016bd993b6996c679ad2f,3298
    pantry-tree:
      sha256: 761fefba1881461226ef638051793e3517868f2f4eccb104b7c6ca49763a27d4
      size: 2295
  original:
    hackage: os-string-2.0.7@sha256:2efc549644dd418bad537d1601fdd437c440d807265016bd993b6996c679ad2f
snapshots: []
